github.com/cespare/xxhash/v2 v2.2.0/go.mod h1:VGX0DQ3Q6kWi7AoAeZDth3/j3BFtOZR5XLFGgcrjCOs=
github.com/dgryski/go-rendezvous v0.0.0-20200823014737-9f7001d12a5f/go.mod h1:cuUVRXasLTGF7a8hSLbxyZXjz+1KgoB3wDUb6vlszIc=
github.com/redis/go-redis/v9 v9.5.1/go.mod h1:hdY0cQFCN4fnSYT6TkisLufl/4W5UIXyv0b/CLO2V2M=
github.com/vogo/vogo v0.0.0-20250616054728-98448017d355 h1:c2iUM4+Ac1iKuecre3WncLdycbqQ9AmZ7Q5X1esqdFk=
github.com/vogo/vogo v0.0.0-20250616054728-98448017d355/go.mod h1:gaCplto8XOVoHbN9nAGpEnqDT1s6hnNbfDpH0acra9c=
